
Microsoft Visual Studio Solution File, Format Version 12.00
# Visual Studio Version 17
VisualStudioVersion = 17.1.31911.260
MinimumVisualStudioVersion = 10.0.40219.1
Project("{9A19103F-16F7-4668-BE54-9A1E7A4F7556}") = "LibRtDb", "LibRtDb\LibRtDb.csproj", "{C77CB558-BB78-4273-9A46-0DAB0B56FD51}"
EndProject
Project("{9A19103F-16F7-4668-BE54-9A1E7A4F7556}") = "UnitTestLibRtDb", "UnitTestLibRtDb\UnitTestLibRtDb.csproj", "{7CFE3D51-68DE-4A9B-AF6A-A7160396E30F}"
EndProject
Global
	GlobalSection(SolutionConfigurationPlatforms) = preSolution
		Debug|Any CPU = Debug|Any CPU
		Release|Any CPU = Release|Any CPU
	EndGlobalSection
	GlobalSection(ProjectConfigurationPlatforms) = postSolution
		{C77CB558-BB78-4273-9A46-0DAB0B56FD51}.Debug|Any CPU.ActiveCfg = Debug|Any CPU
		{C77CB558-BB78-4273-9A46-0DAB0B56FD51}.Debug|Any CPU.Build.0 = Debug|Any CPU
		{C77CB558-BB78-4273-9A46-0DAB0B56FD51}.Release|Any CPU.ActiveCfg = Release|Any CPU
		{C77CB558-BB78-4273-9A46-0DAB0B56FD51}.Release|Any CPU.Build.0 = Release|Any CPU
		{7CFE3D51-68DE-4A9B-AF6A-A7160396E30F}.Debug|Any CPU.ActiveCfg = Debug|Any CPU
		{7CFE3D51-68DE-4A9B-AF6A-A7160396E30F}.Debug|Any CPU.Build.0 = Debug|Any CPU
		{7CFE3D51-68DE-4A9B-AF6A-A7160396E30F}.Release|Any CPU.ActiveCfg = Release|Any CPU
		{7CFE3D51-68DE-4A9B-AF6A-A7160396E30F}.Release|Any CPU.Build.0 = Release|Any CPU
	EndGlobalSection
	GlobalSection(SolutionProperties) = preSolution
		HideSolutionNode = FALSE
	EndGlobalSection
	GlobalSection(ExtensibilityGlobals) = postSolution
		SolutionGuid = {2CBD4B03-61D7-4EBF-8901-1BFD0A685BCE}
	EndGlobalSection
EndGlobal
